// !$*UTF8*$!
{
	archiveVersion = 1;
	classes = {
	};
	objectVersion = 50;
	objects = {

/* Begin PBXBuildFile section */
		F71BA8D223F55A8F00652206 /* AppDelegate.swift in Sources */ = {isa = PBXBuildFile; fileRef = F71BA8D123F55A8F00652206 /* AppDelegate.swift */; };
		F71BA8D423F55A8F00652206 /* SceneDelegate.swift in Sources */ = {isa = PBXBuildFile; fileRef = F71BA8D323F55A8F00652206 /* SceneDelegate.swift */; };
		F71BA8D623F55A8F00652206 /* ViewController.swift in Sources */ = {isa = PBXBuildFile; fileRef = F71BA8D523F55A8F00652206 /* ViewController.swift */; };
		F71BA8D923F55A8F00652206 /* Main.storyboard in Resources */ = {isa = PBXBuildFile; fileRef = F71BA8D723F55A8F00652206 /* Main.storyboard */; };
		F71BA8DB23F55A9100652206 /* Assets.xcassets in Resources */ = {isa = PBXBuildFile; fileRef = F71BA8DA23F55A9100652206 /* Assets.xcassets */; };
		F71BA8DE23F55A9100652206 /* LaunchScreen.storyboard in Resources */ = {isa = PBXBuildFile; fileRef = F71BA8DC23F55A9100652206 /* LaunchScreen.storyboard */; };
		F73EBB472418D3910073B4C6 /* BoardView.swift in Sources */ = {isa = PBXBuildFile; fileRef = F73EBB462418D3910073B4C6 /* BoardView.swift */; };
		F73EBB492418DE840073B4C6 /* ViewCard.swift in Sources */ = {isa = PBXBuildFile; fileRef = F73EBB482418DE840073B4C6 /* ViewCard.swift */; };
		F754F5EA240D6A6800DDB44A /* Grid.swift in Sources */ = {isa = PBXBuildFile; fileRef = F754F5E9240D6A6800DDB44A /* Grid.swift */; };
		F7BDC08123F5857E00705359 /* SetGame.swift in Sources */ = {isa = PBXBuildFile; fileRef = F7BDC08023F5857E00705359 /* SetGame.swift */; };
		F7BDC08323F585BA00705359 /* Card.swift in Sources */ = {isa = PBXBuildFile; fileRef = F7BDC08223F585BA00705359 /* Card.swift */; };
/* End PBXBuildFile section */

/* Begin PBXFileReference section */
		F71BA8CE23F55A8F00652206 /* Set.app */ = {isa = PBXFileReference; explicitFileType = wrapper.application; includeInIndex = 0; path = Set.app; sourceTree = BUILT_PRODUCTS_DIR; };
		F71BA8D123F55A8F00652206 /* AppDelegate.swift */ = {isa = PBXFileReference; lastKnownFileType = sourcecode.swift; path = AppDelegate.swift; sourceTree = "<group>"; };
		F71BA8D323F55A8F00652206 /* SceneDelegate.swift */ = {isa = PBXFileReference; lastKnownFileType = sourcecode.swift; path = SceneDelegate.swift; sourceTree = "<group>"; };
		F71BA8D523F55A8F00652206 /* ViewController.swift */ = {isa = PBXFileReference; lastKnownFileType = sourcecode.swift; path = ViewController.swift; sourceTree = "<group>"; };
		F71BA8D823F55A8F00652206 /* Base */ = {isa = PBXFileReference; lastKnownFileType = file.storyboard; name = Base; path = Base.lproj/Main.storyboard; sourceTree = "<group>"; };
		F71BA8DA23F55A9100652206 /* Assets.xcassets */ = {isa = PBXFileReference; lastKnownFileType = folder.assetcatalog; path = Assets.xcassets; sourceTree = "<group>"; };
		F71BA8DD23F55A9100652206 /* Base */ = {isa = PBXFileReference; lastKnownFileType = file.storyboard; name = Base; path = Base.lproj/LaunchScreen.storyboard; sourceTree = "<group>"; };
		F71BA8DF23F55A9100652206 /* Info.plist */ = {isa = PBXFileReference; lastKnownFileType = text.plist.xml; path = Info.plist; sourceTree = "<group>"; };
		F73EBB462418D3910073B4C6 /* BoardView.swift */ = {isa = PBXFileReference; lastKnownFileType = sourcecode.swift; path = BoardView.swift; sourceTree = "<group>"; };
		F73EBB482418DE840073B4C6 /* ViewCard.swift */ = {isa = PBXFileReference; lastKnownFileType = sourcecode.swift; path = ViewCard.swift; sourceTree = "<group>"; };
		F754F5E9240D6A6800DDB44A /* Grid.swift */ = {isa = PBXFileReference; fileEncoding = 4; lastKnownFileType = sourcecode.swift; path = Grid.swift; sourceTree = "<group>"; };
		F7BDC08023F5857E00705359 /* SetGame.swift */ = {isa = PBXFileReference; lastKnownFileType = sourcecode.swift; path = SetGame.swift; sourceTree = "<group>"; };
		F7BDC08223F585BA00705359 /* Card.swift */ = {isa = PBXFileReference; lastKnownFileType = sourcecode.swift; path = Card.swift; sourceTree = "<group>"; };
/* End PBXFileReference section */

/* Begin PBXFrameworksBuildPhase section */
		F71BA8CB23F55A8F00652206 /* Frameworks */ = {
			isa = PBXFrameworksBuildPhase;
			buildActionMask = 2147483647;
			files = (
			);
			runOnlyForDeploymentPostprocessing = 0;
		};
/* End PBXFrameworksBuildPhase section */

/* Begin PBXGroup section */
		F71BA8C523F55A8F00652206 = {
			isa = PBXGroup;
			children = (
				F71BA8D023F55A8F00652206 /* Set */,
				F71BA8CF23F55A8F00652206 /* Products */,
			);
			sourceTree = "<group>";
		};
		F71BA8CF23F55A8F00652206 /* Products */ = {
			isa = PBXGroup;
			children = (
				F71BA8CE23F55A8F00652206 /* Set.app */,
			);
			name = Products;
			sourceTree = "<group>";
		};
		F71BA8D023F55A8F00652206 /* Set */ = {
			isa = PBXGroup;
			children = (
				F754F5E9240D6A6800DDB44A /* Grid.swift */,
				F71BA8DF23F55A9100652206 /* Info.plist */,
				F71BA8D523F55A8F00652206 /* ViewController.swift */,
				F71BA8D723F55A8F00652206 /* Main.storyboard */,
				F73EBB462418D3910073B4C6 /* BoardView.swift */,
				F73EBB482418DE840073B4C6 /* ViewCard.swift */,
				F7BDC08023F5857E00705359 /* SetGame.swift */,
				F7BDC08223F585BA00705359 /* Card.swift */,
				F71BA8E523F55ABF00652206 /* SupportingFiles */,
			);
			path = Set;
			sourceTree = "<group>";
		};
		F71BA8E523F55ABF00652206 /* SupportingFiles */ = {
			isa = PBXGroup;
			children = (
				F71BA8D323F55A8F00652206 /* SceneDelegate.swift */,
				F71BA8DA23F55A9100652206 /* Assets.xcassets */,
				F71BA8DC23F55A9100652206 /* LaunchScreen.storyboard */,
				F71BA8D123F55A8F00652206 /* AppDelegate.swift */,
			);
			path = SupportingFiles;
			sourceTree = "<group>";
		};
/* End PBXGroup section */

/* Begin PBXNativeTarget section */
		F71BA8CD23F55A8F00652206 /* Set */ = {
			isa = PBXNativeTarget;
			buildConfigurationList = F71BA8E223F55A9100652206 /* Build configuration list for PBXNativeTarget "Set" */;
			buildPhases = (
				F71BA8CA23F55A8F00652206 /* Sources */,
				F71BA8CB23F55A8F00652206 /* Frameworks */,
				F71BA8CC23F55A8F00652206 /* Resources */,
			);
			buildRules = (
			);
			dependencies = (
			);
			name = Set;
			productName = Set;
			productReference = F71BA8CE23F55A8F00652206 /* Set.app */;
			productType = "com.apple.product-type.application";
		};
/* End PBXNativeTarget section */

/* Begin PBXProject section */
		F71BA8C623F55A8F00652206 /* Project object */ = {
			isa = PBXProject;
			attributes = {
				LastSwiftUpdateCheck = 1120;
				LastUpgradeCheck = 1120;
				ORGANIZATIONNAME = "Gleb Uvarkin";
				TargetAttributes = {
					F71BA8CD23F55A8F00652206 = {
						CreatedOnToolsVersion = 11.2.1;
					};
				};
			};
			buildConfigurationList = F71BA8C923F55A8F00652206 /* Build configuration list for PBXProject "Set" */;
			compatibilityVersion = "Xcode 9.3";
			developmentRegion = en;
			hasScannedForEncodings = 0;
			knownRegions = (
				en,
				Base,
			);
			mainGroup = F71BA8C523F55A8F00652206;
			productRefGroup = F71BA8CF23F55A8F00652206 /* Products */;
			projectDirPath = "";
			projectRoot = "";
			targets = (
				F71BA8CD23F55A8F00652206 /* Set */,
			);
		};
/* End PBXProject section */

/* Begin PBXResourcesBuildPhase section */
		F71BA8CC23F55A8F00652206 /* Resources */ = {
			isa = PBXResourcesBuildPhase;
			buildActionMask = 2147483647;
			files = (
				F71BA8DE23F55A9100652206 /* LaunchScreen.storyboard in Resources */,
				F71BA8DB23F55A9100652206 /* Assets.xcassets in Resources */,
				F71BA8D923F55A8F00652206 /* Main.storyboard in Resources */,
			);
			runOnlyForDeploymentPostprocessing = 0;
		};
/* End PBXResourcesBuildPhase section */

/* Begin PBXSourcesBuildPhase section */
		F71BA8CA23F55A8F00652206 /* Sources */ = {
			isa = PBXSourcesBuildPhase;
			buildActionMask = 2147483647;
			files = (
				F7BDC08123F5857E00705359 /* SetGame.swift in Sources */,
				F73EBB492418DE840073B4C6 /* ViewCard.swift in Sources */,
				F7BDC08323F585BA00705359 /* Card.swift in Sources */,
				F71BA8D623F55A8F00652206 /* ViewController.swift in Sources */,
				F71BA8D223F55A8F00652206 /* AppDelegate.swift in Sources */,
				F73EBB472418D3910073B4C6 /* BoardView.swift in Sources */,
				F754F5EA240D6A6800DDB44A /* Grid.swift in Sources */,
				F71BA8D423F55A8F00652206 /* SceneDelegate.swift in Sources */,
			);
			runOnlyForDeploymentPostprocessing = 0;
		};
/* End PBXSourcesBuildPhase section */

/* Begin PBXVariantGroup section */
		F71BA8D723F55A8F00652206 /* Main.storyboard */ = {
			isa = PBXVariantGroup;
			children = (
				F71BA8D823F55A8F00652206 /* Base */,
			);
			name = Main.storyboard;
			sourceTree = "<group>";
		};
		F71BA8DC23F55A9100652206 /* LaunchScreen.storyboard */ = {
			isa = PBXVariantGroup;
			children = (
				F71BA8DD23F55A9100652206 /* Base */,
			);
			name = LaunchScreen.storyboard;
			sourceTree = "<group>";
		};
/* End PBXVariantGroup section */

/* Begin XCBuildConfiguration section */
		F71BA8E023F55A9100652206 /* Debug */ = {
			isa = XCBuildConfiguration;
			buildSettings = {
				ALWAYS_SEARCH_USER_PATHS = NO;
				CLANG_ANALYZER_NONNULL = YES;
				CLANG_ANALYZER_NUMBER_OBJECT_CONVERSION = YES_AGGRESSIVE;
				CLANG_CXX_LANGUAGE_STANDARD = "gnu++14";
				CLANG_CXX_LIBRARY = "libc++";
				CLANG_ENABLE_MODULES = YES;
				CLANG_ENABLE_OBJC_ARC = YES;
				CLANG_ENABLE_OBJC_WEAK = YES;
				CLANG_WARN_BLOCK_CAPTURE_AUTORELEASING = YES;
				CLANG_WARN_BOOL_CONVERSION = YES;
				CLANG_WARN_COMMA = YES;
				CLANG_WARN_CONSTANT_CONVERSION = YES;
				CLANG_WARN_DEPRECATED_OBJC_IMPLEMENTATIONS = YES;
				CLANG_WARN_DIRECT_OBJC_ISA_USAGE = YES_ERROR;
				CLANG_WARN_DOCUMENTATION_COMMENTS = YES;
				CLANG_WARN_EMPTY_BODY = YES;
				CLANG_WARN_ENUM_CONVERSION = YES;
				CLANG_WARN_INFINITE_RECURSION = YES;
				CLANG_WARN_INT_CONVERSION = YES;
				CLANG_WARN_NON_LITERAL_NULL_CONVERSION = YES;
				CLANG_WARN_OBJC_IMPLICIT_RETAIN_SELF = YES;
				CLANG_WARN_OBJC_LITERAL_CONVERSION = YES;
				CLANG_WARN_OBJC_ROOT_CLASS = YES_ERROR;
				CLANG_WARN_RANGE_LOOP_ANALYSIS = YES;
				CLANG_WARN_STRICT_PROTOTYPES = YES;
				CLANG_WARN_SUSPICIOUS_MOVE = YES;
				CLANG_WARN_UNGUARDED_AVAILABILITY = YES_AGGRESSIVE;
				CLANG_WARN_UNREACHABLE_CODE = YES;
				CLANG_WARN__DUPLICATE_METHOD_MATCH = YES;
				COPY_PHASE_STRIP = NO;
				DEBUG_INFORMATION_FORMAT = dwarf;
				ENABLE_STRICT_OBJC_MSGSEND = YES;
				ENABLE_TESTABILITY = YES;
				GCC_C_LANGUAGE_STANDARD = gnu11;
				GCC_DYNAMIC_NO_PIC = NO;
				GCC_NO_COMMON_BLOCKS = YES;
				GCC_OPTIMIZATION_LEVEL = 0;
				GCC_PREPROCESSOR_DEFINITIONS = (
					"DEBUG=1",
					"$(inherited)",
				);
				GCC_WARN_64_TO_32_BIT_CONVERSION = YES;
				GCC_WARN_ABOUT_RETURN_TYPE = YES_ERROR;
				GCC_WARN_UNDECLARED_SELECTOR = YES;
				GCC_WARN_UNINITIALIZED_AUTOS = YES_AGGRESSIVE;
				GCC_WARN_UNUSED_FUNCTION = YES;
				GCC_WARN_UNUSED_VARIABLE = YES;
				IPHONEOS_DEPLOYMENT_TARGET = 13.2;
				MTL_ENABLE_DEBUG_INFO = INCLUDE_SOURCE;
				MTL_FAST_MATH = YES;
				ONLY_ACTIVE_ARCH = YES;
				SDKROOT = iphoneos;
				SWIFT_ACTIVE_COMPILATION_CONDITIONS = DEBUG;
				SWIFT_OPTIMIZATION_LEVEL = "-Onone";
			};
			name = Debug;
		};
		F71BA8E123F55A9100652206 /* Release */ = {
			isa = XCBuildConfiguration;
			buildSettings = {
				ALWAYS_SEARCH_USER_PATHS = NO;
				CLANG_ANALYZER_NONNULL = YES;
				CLANG_ANALYZER_NUMBER_OBJECT_CONVERSION = YES_AGGRESSIVE;
				CLANG_CXX_LANGUAGE_STANDARD = "gnu++14";
				CLANG_CXX_LIBRARY = "libc++";
				CLANG_ENABLE_MODULES = YES;
				CLANG_ENABLE_OBJC_ARC = YES;
				CLANG_ENABLE_OBJC_WEAK = YES;
				CLANG_WARN_BLOCK_CAPTURE_AUTORELEASING = YES;
				CLANG_WARN_BOOL_CONVERSION = YES;
				CLANG_WARN_COMMA = YES;
				CLANG_WARN_CONSTANT_CONVERSION = YES;
				CLANG_WARN_DEPRECATED_OBJC_IMPLEMENTATIONS = YES;
				CLANG_WARN_DIRECT_OBJC_ISA_USAGE = YES_ERROR;
				CLANG_WARN_DOCUMENTATION_COMMENTS = YES;
				CLANG_WARN_EMPTY_BODY = YES;
				CLANG_WARN_ENUM_CONVERSION = YES;
				CLANG_WARN_INFINITE_RECURSION = YES;
				CLANG_WARN_INT_CONVERSION = YES;
				CLANG_WARN_NON_LITERAL_NULL_CONVERSION = YES;
				CLANG_WARN_OBJC_IMPLICIT_RETAIN_SELF = YES;
				CLANG_WARN_OBJC_LITERAL_CONVERSION = YES;
				CLANG_WARN_OBJC_ROOT_CLASS = YES_ERROR;
				CLANG_WARN_RANGE_LOOP_ANALYSIS = YES;
				CLANG_WARN_STRICT_PROTOTYPES = YES;
				CLANG_WARN_SUSPICIOUS_MOVE = YES;
				CLANG_WARN_UNGUARDED_AVAILABILITY = YES_AGGRESSIVE;
				CLANG_WARN_UNREACHABLE_CODE = YES;
				CLANG_WARN__DUPLICATE_METHOD_MATCH = YES;
				COPY_PHASE_STRIP = NO;
				DEBUG_INFORMATION_FORMAT = "dwarf-with-dsym";
				ENABLE_NS_ASSERTIONS = NO;
				ENABLE_STRICT_OBJC_MSGSEND = YES;
				GCC_C_LANGUAGE_STANDARD = gnu11;
				GCC_NO_COMMON_BLOCKS = YES;
				GCC_WARN_64_TO_32_BIT_CONVERSION = YES;
				GCC_WARN_ABOUT_RETURN_TYPE = YES_ERROR;
				GCC_WARN_UNDECLARED_SELECTOR = YES;
				GCC_WARN_UNINITIALIZED_AUTOS = YES_AGGRESSIVE;
				GCC_WARN_UNUSED_FUNCTION = YES;
				GCC_WARN_UNUSED_VARIABLE = YES;
				IPHONEOS_DEPLOYMENT_TARGET = 13.2;
				MTL_ENABLE_DEBUG_INFO = NO;
				MTL_FAST_MATH = YES;
				SDKROOT = iphoneos;
				SWIFT_COMPILATION_MODE = wholemodule;
				SWIFT_OPTIMIZATION_LEVEL = "-O";
				VALIDATE_PRODUCT = YES;
			};
			name = Release;
		};
		F71BA8E323F55A9100652206 /* Debug */ = {
			isa = XCBuildConfiguration;
			buildSettings = {
				ASSETCATALOG_COMPILER_APPICON_NAME = AppIcon;
				CODE_SIGN_STYLE = Automatic;
				DEVELOPMENT_TEAM = 7YVHA5MAY4;
				INFOPLIST_FILE = Set/Info.plist;
				LD_RUNPATH_SEARCH_PATHS = (
					"$(inherited)",
					"@executable_path/Frameworks",
				);
				PRODUCT_BUNDLE_IDENTIFIER = glebUvarkin.Set;
				PRODUCT_NAME = "$(TARGET_NAME)";
				SWIFT_VERSION = 5.0;
				TARGETED_DEVICE_FAMILY = "1,2";
			};
			name = Debug;
		};
		F71BA8E423F55A9100652206 /* Release */ = {
			isa = XCBuildConfiguration;
			buildSettings = {
				ASSETCATALOG_COMPILER_APPICON_NAME = AppIcon;
				CODE_SIGN_STYLE = Automatic;
				DEVELOPMENT_TEAM = 7YVHA5MAY4;
				INFOPLIST_FILE = Set/Info.plist;
				LD_RUNPATH_SEARCH_PATHS = (
					"$(inherited)",
					"@executable_path/Frameworks",
				);
				PRODUCT_BUNDLE_IDENTIFIER = glebUvarkin.Set;
				PRODUCT_NAME = "$(TARGET_NAME)";
				SWIFT_VERSION = 5.0;
				TARGETED_DEVICE_FAMILY = "1,2";
			};
			name = Release;
		};
/* End XCBuildConfiguration section */

/* Begin XCConfigurationList section */
		F71BA8C923F55A8F00652206 /* Build configuration list for PBXProject "Set" */ = {
			isa = XCConfigurationList;
			buildConfigurations = (
				F71BA8E023F55A9100652206 /* Debug */,
				F71BA8E123F55A9100652206 /* Release */,
			);
			defaultConfigurationIsVisible = 0;
			defaultConfigurationName = Release;
		};
		F71BA8E223F55A9100652206 /* Build configuration list for PBXNativeTarget "Set" */ = {
			isa = XCConfigurationList;
			buildConfigurations = (
				F71BA8E323F55A9100652206 /* Debug */,
				F71BA8E423F55A9100652206 /* Release */,
			);
			defaultConfigurationIsVisible = 0;
			defaultConfigurationName = Release;
		};
/* End XCConfigurationList section */
	};
	rootObject = F71BA8C623F55A8F00652206 /* Project object */;
}
